
Microsoft Visual Studio Solution File, Format Version 12.00
# Visual Studio Version 16
VisualStudioVersion = 16.0.31624.102
MinimumVisualStudioVersion = 10.0.40219.1
Project("{8BC9CEB8-8B4A-11D0-8D11-00A0C91BC942}") = "C_12_9", "C_12_9\C_12_9.vcxproj", "{CF30E2E0-EDDD-4F96-AE1E-9B464DEE65FE}"
EndProject
Global
	GlobalSection(SolutionConfigurationPlatforms) = preSolution
		Debug|x64 = Debug|x64
		Debug|x86 = Debug|x86
		Release|x64 = Release|x64
		Release|x86 = Release|x86
	EndGlobalSection
	GlobalSection(ProjectConfigurationPlatforms) = postSolution
		{CF30E2E0-EDDD-4F96-AE1E-9B464DEE65FE}.Debug|x64.ActiveCfg = Debug|x64
		{CF30E2E0-EDDD-4F96-AE1E-9B464DEE65FE}.Debug|x64.Build.0 = Debug|x64
		{CF30E2E0-EDDD-4F96-AE1E-9B464DEE65FE}.Debug|x86.ActiveCfg = Debug|Win32
		{CF30E2E0-EDDD-4F96-AE1E-9B464DEE65FE}.Debug|x86.Build.0 = Debug|Win32
		{CF30E2E0-EDDD-4F96-AE1E-9B464DEE65FE}.Release|x64.ActiveCfg = Release|x64
		{CF30E2E0-EDDD-4F96-AE1E-9B464DEE65FE}.Release|x64.Build.0 = Release|x64
		{CF30E2E0-EDDD-4F96-AE1E-9B464DEE65FE}.Release|x86.ActiveCfg = Release|Win32
		{CF30E2E0-EDDD-4F96-AE1E-9B464DEE65FE}.Release|x86.Build.0 = Release|Win32
	EndGlobalSection
	GlobalSection(SolutionProperties) = preSolution
		HideSolutionNode = FALSE
	EndGlobalSection
	GlobalSection(ExtensibilityGlobals) = postSolution
		SolutionGuid = {1F3101F1-6772-4C6E-8EF2-05C1A04D90AE}
	EndGlobalSection
EndGlobal
