
Microsoft Visual Studio Solution File, Format Version 12.00
# Visual Studio Version 16
VisualStudioVersion = 16.0.31624.102
MinimumVisualStudioVersion = 10.0.40219.1
Project("{8BC9CEB8-8B4A-11D0-8D11-00A0C91BC942}") = "test_10-_22", "test_10-_22\test_10-_22.vcxproj", "{ACFACC84-6C8D-413D-99A8-C46C2C861B00}"
EndProject
Global
	GlobalSection(SolutionConfigurationPlatforms) = preSolution
		Debug|x64 = Debug|x64
		Debug|x86 = Debug|x86
		Release|x64 = Release|x64
		Release|x86 = Release|x86
	EndGlobalSection
	GlobalSection(ProjectConfigurationPlatforms) = postSolution
		{ACFACC84-6C8D-413D-99A8-C46C2C861B00}.Debug|x64.ActiveCfg = Debug|x64
		{ACFACC84-6C8D-413D-99A8-C46C2C861B00}.Debug|x64.Build.0 = Debug|x64
		{ACFACC84-6C8D-413D-99A8-C46C2C861B00}.Debug|x86.ActiveCfg = Debug|Win32
		{ACFACC84-6C8D-413D-99A8-C46C2C861B00}.Debug|x86.Build.0 = Debug|Win32
		{ACFACC84-6C8D-413D-99A8-C46C2C861B00}.Release|x64.ActiveCfg = Release|x64
		{ACFACC84-6C8D-413D-99A8-C46C2C861B00}.Release|x64.Build.0 = Release|x64
		{ACFACC84-6C8D-413D-99A8-C46C2C861B00}.Release|x86.ActiveCfg = Release|Win32
		{ACFACC84-6C8D-413D-99A8-C46C2C861B00}.Release|x86.Build.0 = Release|Win32
	EndGlobalSection
	GlobalSection(SolutionProperties) = preSolution
		HideSolutionNode = FALSE
	EndGlobalSection
	GlobalSection(ExtensibilityGlobals) = postSolution
		SolutionGuid = {9D95419F-019F-4965-A32A-07E7097D9083}
	EndGlobalSection
EndGlobal
