
Microsoft Visual Studio Solution File, Format Version 12.00
# Visual Studio Version 16
VisualStudioVersion = 16.0.31624.102
MinimumVisualStudioVersion = 10.0.40219.1
Project("{8BC9CEB8-8B4A-11D0-8D11-00A0C91BC942}") = "C_11_26", "C_11_26\C_11_26.vcxproj", "{A634BEBE-40B4-4614-A52F-6C07E68B6478}"
EndProject
Global
	GlobalSection(SolutionConfigurationPlatforms) = preSolution
		Debug|x64 = Debug|x64
		Debug|x86 = Debug|x86
		Release|x64 = Release|x64
		Release|x86 = Release|x86
	EndGlobalSection
	GlobalSection(ProjectConfigurationPlatforms) = postSolution
		{A634BEBE-40B4-4614-A52F-6C07E68B6478}.Debug|x64.ActiveCfg = Debug|x64
		{A634BEBE-40B4-4614-A52F-6C07E68B6478}.Debug|x64.Build.0 = Debug|x64
		{A634BEBE-40B4-4614-A52F-6C07E68B6478}.Debug|x86.ActiveCfg = Debug|Win32
		{A634BEBE-40B4-4614-A52F-6C07E68B6478}.Debug|x86.Build.0 = Debug|Win32
		{A634BEBE-40B4-4614-A52F-6C07E68B6478}.Release|x64.ActiveCfg = Release|x64
		{A634BEBE-40B4-4614-A52F-6C07E68B6478}.Release|x64.Build.0 = Release|x64
		{A634BEBE-40B4-4614-A52F-6C07E68B6478}.Release|x86.ActiveCfg = Release|Win32
		{A634BEBE-40B4-4614-A52F-6C07E68B6478}.Release|x86.Build.0 = Release|Win32
	EndGlobalSection
	GlobalSection(SolutionProperties) = preSolution
		HideSolutionNode = FALSE
	EndGlobalSection
	GlobalSection(ExtensibilityGlobals) = postSolution
		SolutionGuid = {03616A45-6F62-4B95-B50E-6A9F41400AE5}
	EndGlobalSection
EndGlobal
