
Microsoft Visual Studio Solution File, Format Version 12.00
# Visual Studio Version 17
VisualStudioVersion = 17.0.32014.148
MinimumVisualStudioVersion = 10.0.40219.1
Project("{8BC9CEB8-8B4A-11D0-8D11-00A0C91BC942}") = "C_4_3", "C_4_3\C_4_3.vcxproj", "{8AEDC880-EE18-4A60-9DDC-0C3BFD819FCA}"
EndProject
Global
	GlobalSection(SolutionConfigurationPlatforms) = preSolution
		Debug|x64 = Debug|x64
		Debug|x86 = Debug|x86
		Release|x64 = Release|x64
		Release|x86 = Release|x86
	EndGlobalSection
	GlobalSection(ProjectConfigurationPlatforms) = postSolution
		{8AEDC880-EE18-4A60-9DDC-0C3BFD819FCA}.Debug|x64.ActiveCfg = Debug|x64
		{8AEDC880-EE18-4A60-9DDC-0C3BFD819FCA}.Debug|x64.Build.0 = Debug|x64
		{8AEDC880-EE18-4A60-9DDC-0C3BFD819FCA}.Debug|x86.ActiveCfg = Debug|Win32
		{8AEDC880-EE18-4A60-9DDC-0C3BFD819FCA}.Debug|x86.Build.0 = Debug|Win32
		{8AEDC880-EE18-4A60-9DDC-0C3BFD819FCA}.Release|x64.ActiveCfg = Release|x64
		{8AEDC880-EE18-4A60-9DDC-0C3BFD819FCA}.Release|x64.Build.0 = Release|x64
		{8AEDC880-EE18-4A60-9DDC-0C3BFD819FCA}.Release|x86.ActiveCfg = Release|Win32
		{8AEDC880-EE18-4A60-9DDC-0C3BFD819FCA}.Release|x86.Build.0 = Release|Win32
	EndGlobalSection
	GlobalSection(SolutionProperties) = preSolution
		HideSolutionNode = FALSE
	EndGlobalSection
	GlobalSection(ExtensibilityGlobals) = postSolution
		SolutionGuid = {7491EDA4-ECED-4CDB-B6BB-789930FB1928}
	EndGlobalSection
EndGlobal
