
Microsoft Visual Studio Solution File, Format Version 12.00
# Visual Studio Version 16
VisualStudioVersion = 16.0.31515.178
MinimumVisualStudioVersion = 10.0.40219.1
Project("{8BC9CEB8-8B4A-11D0-8D11-00A0C91BC942}") = "Project1", "Project1\Project1.vcxproj", "{A6E4D485-552B-480E-9156-1604F8A4B6DC}"
EndProject
Global
	GlobalSection(SolutionConfigurationPlatforms) = preSolution
		Debug|x64 = Debug|x64
		Debug|x86 = Debug|x86
		Release|x64 = Release|x64
		Release|x86 = Release|x86
	EndGlobalSection
	GlobalSection(ProjectConfigurationPlatforms) = postSolution
		{A6E4D485-552B-480E-9156-1604F8A4B6DC}.Debug|x64.ActiveCfg = Debug|x64
		{A6E4D485-552B-480E-9156-1604F8A4B6DC}.Debug|x64.Build.0 = Debug|x64
		{A6E4D485-552B-480E-9156-1604F8A4B6DC}.Debug|x86.ActiveCfg = Debug|Win32
		{A6E4D485-552B-480E-9156-1604F8A4B6DC}.Debug|x86.Build.0 = Debug|Win32
		{A6E4D485-552B-480E-9156-1604F8A4B6DC}.Release|x64.ActiveCfg = Release|x64
		{A6E4D485-552B-480E-9156-1604F8A4B6DC}.Release|x64.Build.0 = Release|x64
		{A6E4D485-552B-480E-9156-1604F8A4B6DC}.Release|x86.ActiveCfg = Release|Win32
		{A6E4D485-552B-480E-9156-1604F8A4B6DC}.Release|x86.Build.0 = Release|Win32
	EndGlobalSection
	GlobalSection(SolutionProperties) = preSolution
		HideSolutionNode = FALSE
	EndGlobalSection
	GlobalSection(ExtensibilityGlobals) = postSolution
		SolutionGuid = {413662C3-D8F8-4969-AAA2-177EF2DA317A}
	EndGlobalSection
EndGlobal
