
Microsoft Visual Studio Solution File, Format Version 12.00
# Visual Studio Version 16
VisualStudioVersion = 16.0.32002.261
MinimumVisualStudioVersion = 10.0.40219.1
Project("{8BC9CEB8-8B4A-11D0-8D11-00A0C91BC942}") = "C_1_2", "C_1_2\C_1_2.vcxproj", "{4788C0B5-7BA0-4784-965F-2E573C482F09}"
EndProject
Global
	GlobalSection(SolutionConfigurationPlatforms) = preSolution
		Debug|x64 = Debug|x64
		Debug|x86 = Debug|x86
		Release|x64 = Release|x64
		Release|x86 = Release|x86
	EndGlobalSection
	GlobalSection(ProjectConfigurationPlatforms) = postSolution
		{4788C0B5-7BA0-4784-965F-2E573C482F09}.Debug|x64.ActiveCfg = Debug|x64
		{4788C0B5-7BA0-4784-965F-2E573C482F09}.Debug|x64.Build.0 = Debug|x64
		{4788C0B5-7BA0-4784-965F-2E573C482F09}.Debug|x86.ActiveCfg = Debug|Win32
		{4788C0B5-7BA0-4784-965F-2E573C482F09}.Debug|x86.Build.0 = Debug|Win32
		{4788C0B5-7BA0-4784-965F-2E573C482F09}.Release|x64.ActiveCfg = Release|x64
		{4788C0B5-7BA0-4784-965F-2E573C482F09}.Release|x64.Build.0 = Release|x64
		{4788C0B5-7BA0-4784-965F-2E573C482F09}.Release|x86.ActiveCfg = Release|Win32
		{4788C0B5-7BA0-4784-965F-2E573C482F09}.Release|x86.Build.0 = Release|Win32
	EndGlobalSection
	GlobalSection(SolutionProperties) = preSolution
		HideSolutionNode = FALSE
	EndGlobalSection
	GlobalSection(ExtensibilityGlobals) = postSolution
		SolutionGuid = {F09A02BD-F1D2-4C86-9FEC-701D71FB465C}
	EndGlobalSection
EndGlobal
